// !$*UTF8*$!
{
	archiveVersion = 1;
	classes = {
	};
	objectVersion = 46;
	objects = {

/* Begin PBXBuildFile section */
		CEEA94FD1BCB167C00DD1DCD /* AppDelegate.swift in Sources */ = {isa = PBXBuildFile; fileRef = CEEA94FC1BCB167C00DD1DCD /* AppDelegate.swift */; };
		CEEA94FF1BCB167C00DD1DCD /* ViewController.swift in Sources */ = {isa = PBXBuildFile; fileRef = CEEA94FE1BCB167C00DD1DCD /* ViewController.swift */; };
		CEEA95021BCB167C00DD1DCD /* Main.storyboard in Resources */ = {isa = PBXBuildFile; fileRef = CEEA95001BCB167C00DD1DCD /* Main.storyboard */; };
		CEEA95041BCB167C00DD1DCD /* Assets.xcassets in Resources */ = {isa = PBXBuildFile; fileRef = CEEA95031BCB167C00DD1DCD /* Assets.xcassets */; };
		CEEA95071BCB167C00DD1DCD /* LaunchScreen.storyboard in Resources */ = {isa = PBXBuildFile; fileRef = CEEA95051BCB167C00DD1DCD /* LaunchScreen.storyboard */; };
/* End PBXBuildFile section */

/* Begin PBXFileReference section */
		CEEA94F91BCB167C00DD1DCD /* SuperCool.app */ = {isa = PBXFileReference; explicitFileType = wrapper.application; includeInIndex = 0; path = SuperCool.app; sourceTree = BUILT_PRODUCTS_DIR; };
		CEEA94FC1BCB167C00DD1DCD /* AppDelegate.swift */ = {isa = PBXFileReference; lastKnownFileType = sourcecode.swift; path = AppDelegate.swift; sourceTree = "<group>"; };
		CEEA94FE1BCB167C00DD1DCD /* ViewController.swift */ = {isa = PBXFileReference; lastKnownFileType = sourcecode.swift; path = ViewController.swift; sourceTree = "<group>"; };
		CEEA95011BCB167C00DD1DCD /* Base */ = {isa = PBXFileReference; lastKnownFileType = file.storyboard; name = Base; path = Base.lproj/Main.storyboard; sourceTree = "<group>"; };
		CEEA95031BCB167C00DD1DCD /* Assets.xcassets */ = {isa = PBXFileReference; lastKnownFileType = folder.assetcatalog; path = Assets.xcassets; sourceTree = "<group>"; };
		CEEA95061BCB167C00DD1DCD /* Base */ = {isa = PBXFileReference; lastKnownFileType = file.storyboard; name = Base; path = Base.lproj/LaunchScreen.storyboard; sourceTree = "<group>"; };
		CEEA95081BCB167C00DD1DCD /* Info.plist */ = {isa = PBXFileReference; lastKnownFileType = text.plist.xml; path = Info.plist; sourceTree = "<group>"; };
/* End PBXFileReference section */

/* Begin PBXFrameworksBuildPhase section */
		CEEA94F61BCB167C00DD1DCD /* Frameworks */ = {
			isa = PBXFrameworksBuildPhase;
			buildActionMask = 2147483647;
			files = (
			);
			runOnlyForDeploymentPostprocessing = 0;
		};
/* End PBXFrameworksBuildPhase section */

/* Begin PBXGroup section */
		CEEA94F01BCB167C00DD1DCD = {
			isa = PBXGroup;
			children = (
				CEEA94FB1BCB167C00DD1DCD /* SuperCool */,
				CEEA94FA1BCB167C00DD1DCD /* Products */,
			);
			sourceTree = "<group>";
		};
		CEEA94FA1BCB167C00DD1DCD /* Products */ = {
			isa = PBXGroup;
			children = (
				CEEA94F91BCB167C00DD1DCD /* SuperCool.app */,
			);
			name = Products;
			sourceTree = "<group>";
		};
		CEEA94FB1BCB167C00DD1DCD /* SuperCool */ = {
			isa = PBXGroup;
			children = (
				CEEA94FC1BCB167C00DD1DCD /* AppDelegate.swift */,
				CEEA94FE1BCB167C00DD1DCD /* ViewController.swift */,
				CEEA95001BCB167C00DD1DCD /* Main.storyboard */,
				CEEA95031BCB167C00DD1DCD /* Assets.xcassets */,
				CEEA95051BCB167C00DD1DCD /* LaunchScreen.storyboard */,
				CEEA95081BCB167C00DD1DCD /* Info.plist */,
			);
			path = SuperCool;
			sourceTree = "<group>";
		};
/* End PBXGroup section */

/* Begin PBXNativeTarget section */
		CEEA94F81BCB167C00DD1DCD /* SuperCool */ = {
			isa = PBXNativeTarget;
			buildConfigurationList = CEEA950B1BCB167C00DD1DCD /* Build configuration list for PBXNativeTarget "SuperCool" */;
			buildPhases = (
				CEEA94F51BCB167C00DD1DCD /* Sources */,
				CEEA94F61BCB167C00DD1DCD /* Frameworks */,
				CEEA94F71BCB167C00DD1DCD /* Resources */,
			);
			buildRules = (
			);
			dependencies = (
			);
			name = SuperCool;
			productName = SuperCool;
			productReference = CEEA94F91BCB167C00DD1DCD /* SuperCool.app */;
			productType = "com.apple.product-type.application";
		};
/* End PBXNativeTarget section */

/* Begin PBXProject section */
		CEEA94F11BCB167C00DD1DCD /* Project object */ = {
			isa = PBXProject;
			attributes = {
				LastUpgradeCheck = 0700;
				ORGANIZATIONNAME = "KU Solutions";
				TargetAttributes = {
					CEEA94F81BCB167C00DD1DCD = {
						CreatedOnToolsVersion = 7.0.1;
					};
				};
			};
			buildConfigurationList = CEEA94F41BCB167C00DD1DCD /* Build configuration list for PBXProject "SuperCool" */;
			compatibilityVersion = "Xcode 3.2";
			developmentRegion = English;
			hasScannedForEncodings = 0;
			knownRegions = (
				en,
				Base,
			);
			mainGroup = CEEA94F01BCB167C00DD1DCD;
			productRefGroup = CEEA94FA1BCB167C00DD1DCD /* Products */;
			projectDirPath = "";
			projectRoot = "";
			targets = (
				CEEA94F81BCB167C00DD1DCD /* SuperCool */,
			);
		};
/* End PBXProject section */

/* Begin PBXResourcesBuildPhase section */
		CEEA94F71BCB167C00DD1DCD /* Resources */ = {
			isa = PBXResourcesBuildPhase;
			buildActionMask = 2147483647;
			files = (
				CEEA95071BCB167C00DD1DCD /* LaunchScreen.storyboard in Resources */,
				CEEA95041BCB167C00DD1DCD /* Assets.xcassets in Resources */,
				CEEA95021BCB167C00DD1DCD /* Main.storyboard in Resources */,
			);
			runOnlyForDeploymentPostprocessing = 0;
		};
/* End PBXResourcesBuildPhase section */

/* Begin PBXSourcesBuildPhase section */
		CEEA94F51BCB167C00DD1DCD /* Sources */ = {
			isa = PBXSourcesBuildPhase;
			buildActionMask = 2147483647;
			files = (
				CEEA94FF1BCB167C00DD1DCD /* ViewController.swift in Sources */,
				CEEA94FD1BCB167C00DD1DCD /* AppDelegate.swift in Sources */,
			);
			runOnlyForDeploymentPostprocessing = 0;
		};
/* End PBXSourcesBuildPhase section */

/* Begin PBXVariantGroup section */
		CEEA95001BCB167C00DD1DCD /* Main.storyboard */ = {
			isa = PBXVariantGroup;
			children = (
				CEEA95011BCB167C00DD1DCD /* Base */,
			);
			name = Main.storyboard;
			sourceTree = "<group>";
		};
		CEEA95051BCB167C00DD1DCD /* LaunchScreen.storyboard */ = {
			isa = PBXVariantGroup;
			children = (
				CEEA95061BCB167C00DD1DCD /* Base */,
			);
			name = LaunchScreen.storyboard;
			sourceTree = "<group>";
		};
/* End PBXVariantGroup section */

/* Begin XCBuildConfiguration section */
		CEEA95091BCB167C00DD1DCD /* Debug */ = {
			isa = XCBuildConfiguration;
			buildSettings = {
				ALWAYS_SEARCH_USER_PATHS = NO;
				CLANG_CXX_LANGUAGE_STANDARD = "gnu++0x";
				CLANG_CXX_LIBRARY = "libc++";
				CLANG_ENABLE_MODULES = YES;
				CLANG_ENABLE_OBJC_ARC = YES;
				CLANG_WARN_BOOL_CONVERSION = YES;
				CLANG_WARN_CONSTANT_CONVERSION = YES;
				CLANG_WARN_DIRECT_OBJC_ISA_USAGE = YES_ERROR;
				CLANG_WARN_EMPTY_BODY = YES;
				CLANG_WARN_ENUM_CONVERSION = YES;
				CLANG_WARN_INT_CONVERSION = YES;
				CLANG_WARN_OBJC_ROOT_CLASS = YES_ERROR;
				CLANG_WARN_UNREACHABLE_CODE = YES;
				CLANG_WARN__DUPLICATE_METHOD_MATCH = YES;
				"CODE_SIGN_IDENTITY[sdk=iphoneos*]" = "iPhone Developer";
				COPY_PHASE_STRIP = NO;
				DEBUG_INFORMATION_FORMAT = dwarf;
				ENABLE_STRICT_OBJC_MSGSEND = YES;
				ENABLE_TESTABILITY = YES;
				GCC_C_LANGUAGE_STANDARD = gnu99;
				GCC_DYNAMIC_NO_PIC = NO;
				GCC_NO_COMMON_BLOCKS = YES;
				GCC_OPTIMIZATION_LEVEL = 0;
				GCC_PREPROCESSOR_DEFINITIONS = (
					"DEBUG=1",
					"$(inherited)",
				);
				GCC_WARN_64_TO_32_BIT_CONVERSION = YES;
				GCC_WARN_ABOUT_RETURN_TYPE = YES_ERROR;
				GCC_WARN_UNDECLARED_SELECTOR = YES;
				GCC_WARN_UNINITIALIZED_AUTOS = YES_AGGRESSIVE;
				GCC_WARN_UNUSED_FUNCTION = YES;
				GCC_WARN_UNUSED_VARIABLE = YES;
				IPHONEOS_DEPLOYMENT_TARGET = 9.0;
				MTL_ENABLE_DEBUG_INFO = YES;
				ONLY_ACTIVE_ARCH = YES;
				SDKROOT = iphoneos;
				SWIFT_OPTIMIZATION_LEVEL = "-Onone";
				TARGETED_DEVICE_FAMILY = "1,2";
			};
			name = Debug;
		};
		CEEA950A1BCB167C00DD1DCD /* Release */ = {
			isa = XCBuildConfiguration;
			buildSettings = {
				ALWAYS_SEARCH_USER_PATHS = NO;
				CLANG_CXX_LANGUAGE_STANDARD = "gnu++0x";
				CLANG_CXX_LIBRARY = "libc++";
				CLANG_ENABLE_MODULES = YES;
				CLANG_ENABLE_OBJC_ARC = YES;
				CLANG_WARN_BOOL_CONVERSION = YES;
				CLANG_WARN_CONSTANT_CONVERSION = YES;
				CLANG_WARN_DIRECT_OBJC_ISA_USAGE = YES_ERROR;
				CLANG_WARN_EMPTY_BODY = YES;
				CLANG_WARN_ENUM_CONVERSION = YES;
				CLANG_WARN_INT_CONVERSION = YES;
				CLANG_WARN_OBJC_ROOT_CLASS = YES_ERROR;
				CLANG_WARN_UNREACHABLE_CODE = YES;
				CLANG_WARN__DUPLICATE_METHOD_MATCH = YES;
				"CODE_SIGN_IDENTITY[sdk=iphoneos*]" = "iPhone Developer";
				COPY_PHASE_STRIP = NO;
				DEBUG_INFORMATION_FORMAT = "dwarf-with-dsym";
				ENABLE_NS_ASSERTIONS = NO;
				ENABLE_STRICT_OBJC_MSGSEND = YES;
				GCC_C_LANGUAGE_STANDARD = gnu99;
				GCC_NO_COMMON_BLOCKS = YES;
				GCC_WARN_64_TO_32_BIT_CONVERSION = YES;
				GCC_WARN_ABOUT_RETURN_TYPE = YES_ERROR;
				GCC_WARN_UNDECLARED_SELECTOR = YES;
				GCC_WARN_UNINITIALIZED_AUTOS = YES_AGGRESSIVE;
				GCC_WARN_UNUSED_FUNCTION = YES;
				GCC_WARN_UNUSED_VARIABLE = YES;
				IPHONEOS_DEPLOYMENT_TARGET = 9.0;
				MTL_ENABLE_DEBUG_INFO = NO;
				SDKROOT = iphoneos;
				TARGETED_DEVICE_FAMILY = "1,2";
				VALIDATE_PRODUCT = YES;
			};
			name = Release;
		};
		CEEA950C1BCB167C00DD1DCD /* Debug */ = {
			isa = XCBuildConfiguration;
			buildSettings = {
				ASSETCATALOG_COMPILER_APPICON_NAME = AppIcon;
				INFOPLIST_FILE = SuperCool/Info.plist;
				LD_RUNPATH_SEARCH_PATHS = "$(inherited) @executable_path/Frameworks";
				PRODUCT_BUNDLE_IDENTIFIER = com.ku.SuperCool;
				PRODUCT_NAME = "$(TARGET_NAME)";
			};
			name = Debug;
		};
		CEEA950D1BCB167C00DD1DCD /* Release */ = {
			isa = XCBuildConfiguration;
			buildSettings = {
				ASSETCATALOG_COMPILER_APPICON_NAME = AppIcon;
				INFOPLIST_FILE = SuperCool/Info.plist;
				LD_RUNPATH_SEARCH_PATHS = "$(inherited) @executable_path/Frameworks";
				PRODUCT_BUNDLE_IDENTIFIER = com.ku.SuperCool;
				PRODUCT_NAME = "$(TARGET_NAME)";
			};
			name = Release;
		};
/* End XCBuildConfiguration section */

/* Begin XCConfigurationList section */
		CEEA94F41BCB167C00DD1DCD /* Build configuration list for PBXProject "SuperCool" */ = {
			isa = XCConfigurationList;
			buildConfigurations = (
				CEEA95091BCB167C00DD1DCD /* Debug */,
				CEEA950A1BCB167C00DD1DCD /* Release */,
			);
			defaultConfigurationIsVisible = 0;
			defaultConfigurationName = Release;
		};
		CEEA950B1BCB167C00DD1DCD /* Build configuration list for PBXNativeTarget "SuperCool" */ = {
			isa = XCConfigurationList;
			buildConfigurations = (
				CEEA950C1BCB167C00DD1DCD /* Debug */,
				CEEA950D1BCB167C00DD1DCD /* Release */,
			);
			defaultConfigurationIsVisible = 0;
		};
/* End XCConfigurationList section */
	};
	rootObject = CEEA94F11BCB167C00DD1DCD /* Project object */;
}
